// !$*UTF8*$!
{
	archiveVersion = 1;
	classes = {
	};
	objectVersion = 46;
	objects = {

/* Begin PBXBuildFile section */
		245EA5301B8178A400536D77 /* main.m in Sources */ = {isa = PBXBuildFile; fileRef = 245EA52F1B8178A400536D77 /* main.m */; };
		245EA5331B8178A400536D77 /* AppDelegate.m in Sources */ = {isa = PBXBuildFile; fileRef = 245EA5321B8178A400536D77 /* AppDelegate.m */; };
		245EA5361B8178A400536D77 /* ViewController.m in Sources */ = {isa = PBXBuildFile; fileRef = 245EA5351B8178A400536D77 /* ViewController.m */; };
		245EA5391B8178A400536D77 /* Main.storyboard in Resources */ = {isa = PBXBuildFile; fileRef = 245EA5371B8178A400536D77 /* Main.storyboard */; };
		245EA53B1B8178A400536D77 /* Images.xcassets in Resources */ = {isa = PBXBuildFile; fileRef = 245EA53A1B8178A400536D77 /* Images.xcassets */; };
		245EA53E1B8178A400536D77 /* LaunchScreen.xib in Resources */ = {isa = PBXBuildFile; fileRef = 245EA53C1B8178A400536D77 /* LaunchScreen.xib */; };
		245EA54A1B8178A400536D77 /* AddPlaceHolderTests.m in Sources */ = {isa = PBXBuildFile; fileRef = 245EA5491B8178A400536D77 /* AddPlaceHolderTests.m */; };
		245EA5561B8178D300536D77 /* UITextView+PlaceHolder.m in Sources */ = {isa = PBXBuildFile; fileRef = 245EA5551B8178D300536D77 /* UITextView+PlaceHolder.m */; };
/* End PBXBuildFile section */

/* Begin PBXContainerItemProxy section */
		245EA5441B8178A400536D77 /* PBXContainerItemProxy */ = {
			isa = PBXContainerItemProxy;
			containerPortal = 245EA5221B8178A400536D77 /* Project object */;
			proxyType = 1;
			remoteGlobalIDString = 245EA5291B8178A400536D77;
			remoteInfo = AddPlaceHolder;
		};
/* End PBXContainerItemProxy section */

/* Begin PBXFileReference section */
		245EA52A1B8178A400536D77 /* AddPlaceHolder.app */ = {isa = PBXFileReference; explicitFileType = wrapper.application; includeInIndex = 0; path = AddPlaceHolder.app; sourceTree = BUILT_PRODUCTS_DIR; };
		245EA52E1B8178A400536D77 /* Info.plist */ = {isa = PBXFileReference; lastKnownFileType = text.plist.xml; path = Info.plist; sourceTree = "<group>"; };
		245EA52F1B8178A400536D77 /* main.m */ = {isa = PBXFileReference; lastKnownFileType = sourcecode.c.objc; path = main.m; sourceTree = "<group>"; };
		245EA5311B8178A400536D77 /* AppDelegate.h */ = {isa = PBXFileReference; lastKnownFileType = sourcecode.c.h; path = AppDelegate.h; sourceTree = "<group>"; };
		245EA5321B8178A400536D77 /* AppDelegate.m */ = {isa = PBXFileReference; lastKnownFileType = sourcecode.c.objc; path = AppDelegate.m; sourceTree = "<group>"; };
		245EA5341B8178A400536D77 /* ViewController.h */ = {isa = PBXFileReference; lastKnownFileType = sourcecode.c.h; path = ViewController.h; sourceTree = "<group>"; };
		245EA5351B8178A400536D77 /* ViewController.m */ = {isa = PBXFileReference; lastKnownFileType = sourcecode.c.objc; path = ViewController.m; sourceTree = "<group>"; };
		245EA5381B8178A400536D77 /* Base */ = {isa = PBXFileReference; lastKnownFileType = file.storyboard; name = Base; path = Base.lproj/Main.storyboard; sourceTree = "<group>"; };
		245EA53A1B8178A400536D77 /* Images.xcassets */ = {isa = PBXFileReference; lastKnownFileType = folder.assetcatalog; path = Images.xcassets; sourceTree = "<group>"; };
		245EA53D1B8178A400536D77 /* Base */ = {isa = PBXFileReference; lastKnownFileType = file.xib; name = Base; path = Base.lproj/LaunchScreen.xib; sourceTree = "<group>"; };
		245EA5431B8178A400536D77 /* AddPlaceHolderTests.xctest */ = {isa = PBXFileReference; explicitFileType = wrapper.cfbundle; includeInIndex = 0; path = AddPlaceHolderTests.xctest; sourceTree = BUILT_PRODUCTS_DIR; };
		245EA5481B8178A400536D77 /* Info.plist */ = {isa = PBXFileReference; lastKnownFileType = text.plist.xml; path = Info.plist; sourceTree = "<group>"; };
		245EA5491B8178A400536D77 /* AddPlaceHolderTests.m */ = {isa = PBXFileReference; lastKnownFileType = sourcecode.c.objc; path = AddPlaceHolderTests.m; sourceTree = "<group>"; };
		245EA5541B8178D300536D77 /* UITextView+PlaceHolder.h */ = {isa = PBXFileReference; fileEncoding = 4; lastKnownFileType = sourcecode.c.h; path = "UITextView+PlaceHolder.h"; sourceTree = "<group>"; };
		245EA5551B8178D300536D77 /* UITextView+PlaceHolder.m */ = {isa = PBXFileReference; fileEncoding = 4; lastKnownFileType = sourcecode.c.objc; path = "UITextView+PlaceHolder.m"; sourceTree = "<group>"; };
/* End PBXFileReference section */

/* Begin PBXFrameworksBuildPhase section */
		245EA5271B8178A400536D77 /* Frameworks */ = {
			isa = PBXFrameworksBuildPhase;
			buildActionMask = 2147483647;
			files = (
			);
			runOnlyForDeploymentPostprocessing = 0;
		};
		245EA5401B8178A400536D77 /* Frameworks */ = {
			isa = PBXFrameworksBuildPhase;
			buildActionMask = 2147483647;
			files = (
			);
			runOnlyForDeploymentPostprocessing = 0;
		};
/* End PBXFrameworksBuildPhase section */

/* Begin PBXGroup section */
		245EA5211B8178A400536D77 = {
			isa = PBXGroup;
			children = (
				245EA52C1B8178A400536D77 /* AddPlaceHolder */,
				245EA5461B8178A400536D77 /* AddPlaceHolderTests */,
				245EA52B1B8178A400536D77 /* Products */,
			);
			sourceTree = "<group>";
		};
		245EA52B1B8178A400536D77 /* Products */ = {
			isa = PBXGroup;
			children = (
				245EA52A1B8178A400536D77 /* AddPlaceHolder.app */,
				245EA5431B8178A400536D77 /* AddPlaceHolderTests.xctest */,
			);
			name = Products;
			sourceTree = "<group>";
		};
		245EA52C1B8178A400536D77 /* AddPlaceHolder */ = {
			isa = PBXGroup;
			children = (
				245EA5531B8178AA00536D77 /* lib */,
				245EA5311B8178A400536D77 /* AppDelegate.h */,
				245EA5321B8178A400536D77 /* AppDelegate.m */,
				245EA5341B8178A400536D77 /* ViewController.h */,
				245EA5351B8178A400536D77 /* ViewController.m */,
				245EA5371B8178A400536D77 /* Main.storyboard */,
				245EA53A1B8178A400536D77 /* Images.xcassets */,
				245EA53C1B8178A400536D77 /* LaunchScreen.xib */,
				245EA52D1B8178A400536D77 /* Supporting Files */,
			);
			path = AddPlaceHolder;
			sourceTree = "<group>";
		};
		245EA52D1B8178A400536D77 /* Supporting Files */ = {
			isa = PBXGroup;
			children = (
				245EA52E1B8178A400536D77 /* Info.plist */,
				245EA52F1B8178A400536D77 /* main.m */,
			);
			name = "Supporting Files";
			sourceTree = "<group>";
		};
		245EA5461B8178A400536D77 /* AddPlaceHolderTests */ = {
			isa = PBXGroup;
			children = (
				245EA5491B8178A400536D77 /* AddPlaceHolderTests.m */,
				245EA5471B8178A400536D77 /* Supporting Files */,
			);
			path = AddPlaceHolderTests;
			sourceTree = "<group>";
		};
		245EA5471B8178A400536D77 /* Supporting Files */ = {
			isa = PBXGroup;
			children = (
				245EA5481B8178A400536D77 /* Info.plist */,
			);
			name = "Supporting Files";
			sourceTree = "<group>";
		};
		245EA5531B8178AA00536D77 /* lib */ = {
			isa = PBXGroup;
			children = (
				245EA5541B8178D300536D77 /* UITextView+PlaceHolder.h */,
				245EA5551B8178D300536D77 /* UITextView+PlaceHolder.m */,
			);
			name = lib;
			sourceTree = "<group>";
		};
/* End PBXGroup section */

/* Begin PBXNativeTarget section */
		245EA5291B8178A400536D77 /* AddPlaceHolder */ = {
			isa = PBXNativeTarget;
			buildConfigurationList = 245EA54D1B8178A400536D77 /* Build configuration list for PBXNativeTarget "AddPlaceHolder" */;
			buildPhases = (
				245EA5261B8178A400536D77 /* Sources */,
				245EA5271B8178A400536D77 /* Frameworks */,
				245EA5281B8178A400536D77 /* Resources */,
			);
			buildRules = (
			);
			dependencies = (
			);
			name = AddPlaceHolder;
			productName = AddPlaceHolder;
			productReference = 245EA52A1B8178A400536D77 /* AddPlaceHolder.app */;
			productType = "com.apple.product-type.application";
		};
		245EA5421B8178A400536D77 /* AddPlaceHolderTests */ = {
			isa = PBXNativeTarget;
			buildConfigurationList = 245EA5501B8178A400536D77 /* Build configuration list for PBXNativeTarget "AddPlaceHolderTests" */;
			buildPhases = (
				245EA53F1B8178A400536D77 /* Sources */,
				245EA5401B8178A400536D77 /* Frameworks */,
				245EA5411B8178A400536D77 /* Resources */,
			);
			buildRules = (
			);
			dependencies = (
				245EA5451B8178A400536D77 /* PBXTargetDependency */,
			);
			name = AddPlaceHolderTests;
			productName = AddPlaceHolderTests;
			productReference = 245EA5431B8178A400536D77 /* AddPlaceHolderTests.xctest */;
			productType = "com.apple.product-type.bundle.unit-test";
		};
/* End PBXNativeTarget section */

/* Begin PBXProject section */
		245EA5221B8178A400536D77 /* Project object */ = {
			isa = PBXProject;
			attributes = {
				LastUpgradeCheck = 0630;
				ORGANIZATIONNAME = company;
				TargetAttributes = {
					245EA5291B8178A400536D77 = {
						CreatedOnToolsVersion = 6.3;
					};
					245EA5421B8178A400536D77 = {
						CreatedOnToolsVersion = 6.3;
						TestTargetID = 245EA5291B8178A400536D77;
					};
				};
			};
			buildConfigurationList = 245EA5251B8178A400536D77 /* Build configuration list for PBXProject "AddPlaceHolder" */;
			compatibilityVersion = "Xcode 3.2";
			developmentRegion = English;
			hasScannedForEncodings = 0;
			knownRegions = (
				en,
				Base,
			);
			mainGroup = 245EA5211B8178A400536D77;
			productRefGroup = 245EA52B1B8178A400536D77 /* Products */;
			projectDirPath = "";
			projectRoot = "";
			targets = (
				245EA5291B8178A400536D77 /* AddPlaceHolder */,
				245EA5421B8178A400536D77 /* AddPlaceHolderTests */,
			);
		};
/* End PBXProject section */

/* Begin PBXResourcesBuildPhase section */
		245EA5281B8178A400536D77 /* Resources */ = {
			isa = PBXResourcesBuildPhase;
			buildActionMask = 2147483647;
			files = (
				245EA5391B8178A400536D77 /* Main.storyboard in Resources */,
				245EA53E1B8178A400536D77 /* LaunchScreen.xib in Resources */,
				245EA53B1B8178A400536D77 /* Images.xcassets in Resources */,
			);
			runOnlyForDeploymentPostprocessing = 0;
		};
		245EA5411B8178A400536D77 /* Resources */ = {
			isa = PBXResourcesBuildPhase;
			buildActionMask = 2147483647;
			files = (
			);
			runOnlyForDeploymentPostprocessing = 0;
		};
/* End PBXResourcesBuildPhase section */

/* Begin PBXSourcesBuildPhase section */
		245EA5261B8178A400536D77 /* Sources */ = {
			isa = PBXSourcesBuildPhase;
			buildActionMask = 2147483647;
			files = (
				245EA5361B8178A400536D77 /* ViewController.m in Sources */,
				245EA5331B8178A400536D77 /* AppDelegate.m in Sources */,
				245EA5301B8178A400536D77 /* main.m in Sources */,
				245EA5561B8178D300536D77 /* UITextView+PlaceHolder.m in Sources */,
			);
			runOnlyForDeploymentPostprocessing = 0;
		};
		245EA53F1B8178A400536D77 /* Sources */ = {
			isa = PBXSourcesBuildPhase;
			buildActionMask = 2147483647;
			files = (
				245EA54A1B8178A400536D77 /* AddPlaceHolderTests.m in Sources */,
			);
			runOnlyForDeploymentPostprocessing = 0;
		};
/* End PBXSourcesBuildPhase section */

/* Begin PBXTargetDependency section */
		245EA5451B8178A400536D77 /* PBXTargetDependency */ = {
			isa = PBXTargetDependency;
			target = 245EA5291B8178A400536D77 /* AddPlaceHolder */;
			targetProxy = 245EA5441B8178A400536D77 /* PBXContainerItemProxy */;
		};
/* End PBXTargetDependency section */

/* Begin PBXVariantGroup section */
		245EA5371B8178A400536D77 /* Main.storyboard */ = {
			isa = PBXVariantGroup;
			children = (
				245EA5381B8178A400536D77 /* Base */,
			);
			name = Main.storyboard;
			sourceTree = "<group>";
		};
		245EA53C1B8178A400536D77 /* LaunchScreen.xib */ = {
			isa = PBXVariantGroup;
			children = (
				245EA53D1B8178A400536D77 /* Base */,
			);
			name = LaunchScreen.xib;
			sourceTree = "<group>";
		};
/* End PBXVariantGroup section */

/* Begin XCBuildConfiguration section */
		245EA54B1B8178A400536D77 /* Debug */ = {
			isa = XCBuildConfiguration;
			buildSettings = {
				ALWAYS_SEARCH_USER_PATHS = NO;
				CLANG_CXX_LANGUAGE_STANDARD = "gnu++0x";
				CLANG_CXX_LIBRARY = "libc++";
				CLANG_ENABLE_MODULES = YES;
				CLANG_ENABLE_OBJC_ARC = YES;
				CLANG_WARN_BOOL_CONVERSION = YES;
				CLANG_WARN_CONSTANT_CONVERSION = YES;
				CLANG_WARN_DIRECT_OBJC_ISA_USAGE = YES_ERROR;
				CLANG_WARN_EMPTY_BODY = YES;
				CLANG_WARN_ENUM_CONVERSION = YES;
				CLANG_WARN_INT_CONVERSION = YES;
				CLANG_WARN_OBJC_ROOT_CLASS = YES_ERROR;
				CLANG_WARN_UNREACHABLE_CODE = YES;
				CLANG_WARN__DUPLICATE_METHOD_MATCH = YES;
				"CODE_SIGN_IDENTITY[sdk=iphoneos*]" = "iPhone Developer";
				COPY_PHASE_STRIP = NO;
				DEBUG_INFORMATION_FORMAT = "dwarf-with-dsym";
				ENABLE_STRICT_OBJC_MSGSEND = YES;
				GCC_C_LANGUAGE_STANDARD = gnu99;
				GCC_DYNAMIC_NO_PIC = NO;
				GCC_NO_COMMON_BLOCKS = YES;
				GCC_OPTIMIZATION_LEVEL = 0;
				GCC_PREPROCESSOR_DEFINITIONS = (
					"DEBUG=1",
					"$(inherited)",
				);
				GCC_SYMBOLS_PRIVATE_EXTERN = NO;
				GCC_WARN_64_TO_32_BIT_CONVERSION = YES;
				GCC_WARN_ABOUT_RETURN_TYPE = YES_ERROR;
				GCC_WARN_UNDECLARED_SELECTOR = YES;
				GCC_WARN_UNINITIALIZED_AUTOS = YES_AGGRESSIVE;
				GCC_WARN_UNUSED_FUNCTION = YES;
				GCC_WARN_UNUSED_VARIABLE = YES;
				IPHONEOS_DEPLOYMENT_TARGET = 8.3;
				MTL_ENABLE_DEBUG_INFO = YES;
				ONLY_ACTIVE_ARCH = YES;
				SDKROOT = iphoneos;
			};
			name = Debug;
		};
		245EA54C1B8178A400536D77 /* Release */ = {
			isa = XCBuildConfiguration;
			buildSettings = {
				ALWAYS_SEARCH_USER_PATHS = NO;
				CLANG_CXX_LANGUAGE_STANDARD = "gnu++0x";
				CLANG_CXX_LIBRARY = "libc++";
				CLANG_ENABLE_MODULES = YES;
				CLANG_ENABLE_OBJC_ARC = YES;
				CLANG_WARN_BOOL_CONVERSION = YES;
				CLANG_WARN_CONSTANT_CONVERSION = YES;
				CLANG_WARN_DIRECT_OBJC_ISA_USAGE = YES_ERROR;
				CLANG_WARN_EMPTY_BODY = YES;
				CLANG_WARN_ENUM_CONVERSION = YES;
				CLANG_WARN_INT_CONVERSION = YES;
				CLANG_WARN_OBJC_ROOT_CLASS = YES_ERROR;
				CLANG_WARN_UNREACHABLE_CODE = YES;
				CLANG_WARN__DUPLICATE_METHOD_MATCH = YES;
				"CODE_SIGN_IDENTITY[sdk=iphoneos*]" = "iPhone Developer";
				COPY_PHASE_STRIP = NO;
				DEBUG_INFORMATION_FORMAT = "dwarf-with-dsym";
				ENABLE_NS_ASSERTIONS = NO;
				ENABLE_STRICT_OBJC_MSGSEND = YES;
				GCC_C_LANGUAGE_STANDARD = gnu99;
				GCC_NO_COMMON_BLOCKS = YES;
				GCC_WARN_64_TO_32_BIT_CONVERSION = YES;
				GCC_WARN_ABOUT_RETURN_TYPE = YES_ERROR;
				GCC_WARN_UNDECLARED_SELECTOR = YES;
				GCC_WARN_UNINITIALIZED_AUTOS = YES_AGGRESSIVE;
				GCC_WARN_UNUSED_FUNCTION = YES;
				GCC_WARN_UNUSED_VARIABLE = YES;
				IPHONEOS_DEPLOYMENT_TARGET = 8.3;
				MTL_ENABLE_DEBUG_INFO = NO;
				SDKROOT = iphoneos;
				VALIDATE_PRODUCT = YES;
			};
			name = Release;
		};
		245EA54E1B8178A400536D77 /* Debug */ = {
			isa = XCBuildConfiguration;
			buildSettings = {
				ASSETCATALOG_COMPILER_APPICON_NAME = AppIcon;
				INFOPLIST_FILE = AddPlaceHolder/Info.plist;
				LD_RUNPATH_SEARCH_PATHS = "$(inherited) @executable_path/Frameworks";
				PRODUCT_NAME = "$(TARGET_NAME)";
			};
			name = Debug;
		};
		245EA54F1B8178A400536D77 /* Release */ = {
			isa = XCBuildConfiguration;
			buildSettings = {
				ASSETCATALOG_COMPILER_APPICON_NAME = AppIcon;
				INFOPLIST_FILE = AddPlaceHolder/Info.plist;
				LD_RUNPATH_SEARCH_PATHS = "$(inherited) @executable_path/Frameworks";
				PRODUCT_NAME = "$(TARGET_NAME)";
			};
			name = Release;
		};
		245EA5511B8178A400536D77 /* Debug */ = {
			isa = XCBuildConfiguration;
			buildSettings = {
				BUNDLE_LOADER = "$(TEST_HOST)";
				FRAMEWORK_SEARCH_PATHS = (
					"$(SDKROOT)/Developer/Library/Frameworks",
					"$(inherited)",
				);
				GCC_PREPROCESSOR_DEFINITIONS = (
					"DEBUG=1",
					"$(inherited)",
				);
				INFOPLIST_FILE = AddPlaceHolderTests/Info.plist;
				LD_RUNPATH_SEARCH_PATHS = "$(inherited) @executable_path/Frameworks @loader_path/Frameworks";
				PRODUCT_NAME = "$(TARGET_NAME)";
				TEST_HOST = "$(BUILT_PRODUCTS_DIR)/AddPlaceHolder.app/AddPlaceHolder";
			};
			name = Debug;
		};
		245EA5521B8178A400536D77 /* Release */ = {
			isa = XCBuildConfiguration;
			buildSettings = {
				BUNDLE_LOADER = "$(TEST_HOST)";
				FRAMEWORK_SEARCH_PATHS = (
					"$(SDKROOT)/Developer/Library/Frameworks",
					"$(inherited)",
				);
				INFOPLIST_FILE = AddPlaceHolderTests/Info.plist;
				LD_RUNPATH_SEARCH_PATHS = "$(inherited) @executable_path/Frameworks @loader_path/Frameworks";
				PRODUCT_NAME = "$(TARGET_NAME)";
				TEST_HOST = "$(BUILT_PRODUCTS_DIR)/AddPlaceHolder.app/AddPlaceHolder";
			};
			name = Release;
		};
/* End XCBuildConfiguration section */

/* Begin XCConfigurationList section */
		245EA5251B8178A400536D77 /* Build configuration list for PBXProject "AddPlaceHolder" */ = {
			isa = XCConfigurationList;
			buildConfigurations = (
				245EA54B1B8178A400536D77 /* Debug */,
				245EA54C1B8178A400536D77 /* Release */,
			);
			defaultConfigurationIsVisible = 0;
			defaultConfigurationName = Release;
		};
		245EA54D1B8178A400536D77 /* Build configuration list for PBXNativeTarget "AddPlaceHolder" */ = {
			isa = XCConfigurationList;
			buildConfigurations = (
				245EA54E1B8178A400536D77 /* Debug */,
				245EA54F1B8178A400536D77 /* Release */,
			);
			defaultConfigurationIsVisible = 0;
		};
		245EA5501B8178A400536D77 /* Build configuration list for PBXNativeTarget "AddPlaceHolderTests" */ = {
			isa = XCConfigurationList;
			buildConfigurations = (
				245EA5511B8178A400536D77 /* Debug */,
				245EA5521B8178A400536D77 /* Release */,
			);
			defaultConfigurationIsVisible = 0;
		};
/* End XCConfigurationList section */
	};
	rootObject = 245EA5221B8178A400536D77 /* Project object */;
}
